PODS:
  - Flutter (1.0.0)
  - local_auth_darwin (0.0.1):
    - Flutter
    - FlutterMacOS
  - path_provider_foundation (0.0.1):
    - Flutter
    - FlutterMacOS

DEPENDENCIES:
  - Flutter (from `Flutter`)
  - local_auth_darwin (from `.symlinks/plugins/local_auth_darwin/darwin`)
  - path_provider_foundation (from `.symlinks/plugins/path_provider_foundation/darwin`)

EXTERNAL SOURCES:
  Flutter:
    :path: Flutter
  local_auth_darwin:
    :path: ".symlinks/plugins/local_auth_darwin/darwin"
  path_provider_foundation:
    :path: ".symlinks/plugins/path_provider_foundation/darwin"

SPEC CHECKSUMS:
  Flutter: cabc95a1d2626b1b06e7179b784ebcf0c0cde467
  local_auth_darwin: 63c73d6d28cc3e239be2b6aa460ea6e317cd5100
  path_provider_foundation: 0b743cbb62d8e47eab856f09262bb8c1ddcfe6ba

PODFILE CHECKSUM: 40558cbd7855e390c829950cbf4a6894bc2faef6

COCOAPODS: 1.16.2
